
Microsoft Visual Studio Solution File, Format Version 12.00
# Visual Studio Version 17
VisualStudioVersion = 17.4.33103.184
MinimumVisualStudioVersion = 10.0.40219.1
Project("{FAE04EC0-301F-11D3-BF4B-00C04F79EFBC}") = "practical_task_2", "practical_task_2\practical_task_2.csproj", "{BE8E1F78-5089-4A60-AE7E-E75B39DC257F}"
EndProject
Global
	GlobalSection(SolutionConfigurationPlatforms) = preSolution
		Debug|Any CPU = Debug|Any CPU
		Release|Any CPU = Release|Any CPU
	EndGlobalSection
	GlobalSection(ProjectConfigurationPlatforms) = postSolution
		{BE8E1F78-5089-4A60-AE7E-E75B39DC257F}.Debug|Any CPU.ActiveCfg = Debug|Any CPU
		{BE8E1F78-5089-4A60-AE7E-E75B39DC257F}.Debug|Any CPU.Build.0 = Debug|Any CPU
		{BE8E1F78-5089-4A60-AE7E-E75B39DC257F}.Release|Any CPU.ActiveCfg = Release|Any CPU
		{BE8E1F78-5089-4A60-AE7E-E75B39DC257F}.Release|Any CPU.Build.0 = Release|Any CPU
	EndGlobalSection
	GlobalSection(SolutionProperties) = preSolution
		HideSolutionNode = FALSE
	EndGlobalSection
	GlobalSection(ExtensibilityGlobals) = postSolution
		SolutionGuid = {3331F8CB-CFB7-40BF-8B19-01621D350EA9}
	EndGlobalSection
EndGlobal
