
Microsoft Visual Studio Solution File, Format Version 12.00
# Visual Studio Version 17
VisualStudioVersion = 17.4.33103.184
MinimumVisualStudioVersion = 10.0.40219.1
Project("{FAE04EC0-301F-11D3-BF4B-00C04F79EFBC}") = "Zodiac_signs", "Zodiac_signs\Zodiac_signs.csproj", "{A8E3741D-948A-40AA-A8EF-02AF52DF59B6}"
EndProject
Global
	GlobalSection(SolutionConfigurationPlatforms) = preSolution
		Debug|Any CPU = Debug|Any CPU
		Release|Any CPU = Release|Any CPU
	EndGlobalSection
	GlobalSection(ProjectConfigurationPlatforms) = postSolution
		{A8E3741D-948A-40AA-A8EF-02AF52DF59B6}.Debug|Any CPU.ActiveCfg = Debug|Any CPU
		{A8E3741D-948A-40AA-A8EF-02AF52DF59B6}.Debug|Any CPU.Build.0 = Debug|Any CPU
		{A8E3741D-948A-40AA-A8EF-02AF52DF59B6}.Release|Any CPU.ActiveCfg = Release|Any CPU
		{A8E3741D-948A-40AA-A8EF-02AF52DF59B6}.Release|Any CPU.Build.0 = Release|Any CPU
	EndGlobalSection
	GlobalSection(SolutionProperties) = preSolution
		HideSolutionNode = FALSE
	EndGlobalSection
	GlobalSection(ExtensibilityGlobals) = postSolution
		SolutionGuid = {DBB25119-1511-4E26-914B-219BD787C835}
	EndGlobalSection
EndGlobal
