
Microsoft Visual Studio Solution File, Format Version 12.00
# Visual Studio Version 17
VisualStudioVersion = 17.4.33103.184
MinimumVisualStudioVersion = 10.0.40219.1
Project("{FAE04EC0-301F-11D3-BF4B-00C04F79EFBC}") = "Array_Split", "Array_Split\Array_Split.csproj", "{257F3DAC-0967-46E1-AE63-B8F8BFEDDA2D}"
EndProject
Global
	GlobalSection(SolutionConfigurationPlatforms) = preSolution
		Debug|Any CPU = Debug|Any CPU
		Release|Any CPU = Release|Any CPU
	EndGlobalSection
	GlobalSection(ProjectConfigurationPlatforms) = postSolution
		{257F3DAC-0967-46E1-AE63-B8F8BFEDDA2D}.Debug|Any CPU.ActiveCfg = Debug|Any CPU
		{257F3DAC-0967-46E1-AE63-B8F8BFEDDA2D}.Debug|Any CPU.Build.0 = Debug|Any CPU
		{257F3DAC-0967-46E1-AE63-B8F8BFEDDA2D}.Release|Any CPU.ActiveCfg = Release|Any CPU
		{257F3DAC-0967-46E1-AE63-B8F8BFEDDA2D}.Release|Any CPU.Build.0 = Release|Any CPU
	EndGlobalSection
	GlobalSection(SolutionProperties) = preSolution
		HideSolutionNode = FALSE
	EndGlobalSection
	GlobalSection(ExtensibilityGlobals) = postSolution
		SolutionGuid = {BE709F51-26DF-47C4-A604-50EE86F82E8F}
	EndGlobalSection
EndGlobal
