
Microsoft Visual Studio Solution File, Format Version 12.00
# Visual Studio Version 17
VisualStudioVersion = 17.4.33103.184
MinimumVisualStudioVersion = 10.0.40219.1
Project("{FAE04EC0-301F-11D3-BF4B-00C04F79EFBC}") = "Phone_number_T", "Phone_number_T\Phone_number_T.csproj", "{8D607533-C61F-454F-9B68-559B8EC1753F}"
EndProject
Global
	GlobalSection(SolutionConfigurationPlatforms) = preSolution
		Debug|Any CPU = Debug|Any CPU
		Release|Any CPU = Release|Any CPU
	EndGlobalSection
	GlobalSection(ProjectConfigurationPlatforms) = postSolution
		{8D607533-C61F-454F-9B68-559B8EC1753F}.Debug|Any CPU.ActiveCfg = Debug|Any CPU
		{8D607533-C61F-454F-9B68-559B8EC1753F}.Debug|Any CPU.Build.0 = Debug|Any CPU
		{8D607533-C61F-454F-9B68-559B8EC1753F}.Release|Any CPU.ActiveCfg = Release|Any CPU
		{8D607533-C61F-454F-9B68-559B8EC1753F}.Release|Any CPU.Build.0 = Release|Any CPU
	EndGlobalSection
	GlobalSection(SolutionProperties) = preSolution
		HideSolutionNode = FALSE
	EndGlobalSection
	GlobalSection(ExtensibilityGlobals) = postSolution
		SolutionGuid = {8AD3D843-7FAE-450D-91EC-66716FF4FC87}
	EndGlobalSection
EndGlobal
